{
  "version": 4,
  "terraform_version": "1.4.6",
  "serial": 214,
  "lineage": "a2c782cb-a11b-faba-e5c1-6975f2b5d052",
  "outputs": {},
  "resources": [
    {
      "mode": "managed",
      "type": "aws_s3_bucket",
      "name": "lb_logs",
      "provider": "provider[\"registry.terraform.io/hashicorp/aws\"]",
      "instances": [
        {
          "schema_version": 0,
          "attributes": {
            "acceleration_status": "",
            "acl": null,
            "arn": "arn:aws:s3:::39b0a696-a61f-465d-aca4-c995bafb7c14-load-balancer-bucket",
            "bucket": "39b0a696-a61f-465d-aca4-c995bafb7c14-load-balancer-bucket",
            "bucket_domain_name": "39b0a696-a61f-465d-aca4-c995bafb7c14-load-balancer-bucket.s3.amazonaws.com",
            "bucket_prefix": "",
            "bucket_regional_domain_name": "39b0a696-a61f-465d-aca4-c995bafb7c14-load-balancer-bucket.s3.eu-central-1.amazonaws.com",
            "cors_rule": [],
            "force_destroy": false,
            "grant": [
              {
                "id": "d07dba2def426c4b1b23f4b2dd497c82cc8fe3d81aae56662fd264d93940fdb6",
                "permissions": [
                  "FULL_CONTROL"
                ],
                "type": "CanonicalUser",
                "uri": ""
              }
            ],
            "hosted_zone_id": "Z21DNDUVLTQW6Q",
            "id": "39b0a696-a61f-465d-aca4-c995bafb7c14-load-balancer-bucket",
            "lifecycle_rule": [],
            "logging": [],
            "object_lock_configuration": [],
            "object_lock_enabled": false,
            "policy": "{\"Statement\":[{\"Action\":\"s3:PutObject\",\"Effect\":\"Allow\",\"Principal\":{\"AWS\":\"arn:aws:iam::054676820928:root\"},\"Resource\":[\"arn:aws:s3:::39b0a696-a61f-465d-aca4-c995bafb7c14-load-balancer-bucket/*\",\"arn:aws:s3:::39b0a696-a61f-465d-aca4-c995bafb7c14-load-balancer-bucket\"],\"Sid\":\"\"}],\"Version\":\"2012-10-17\"}",
            "region": "eu-central-1",
            "replication_configuration": [],
            "request_payer": "BucketOwner",
            "server_side_encryption_configuration": [
              {
                "rule": [
                  {
                    "apply_server_side_encryption_by_default": [
                      {
                        "kms_master_key_id": "",
                        "sse_algorithm": "AES256"
                      }
                    ],
                    "bucket_key_enabled": false
                  }
                ]
              }
            ],
            "tags": {
              "Name": "lb-bucket"
            },
            "tags_all": {
              "Name": "lb-bucket"
            },
            "timeouts": null,
            "versioning": [
              {
                "enabled": false,
                "mfa_delete": false
              }
            ],
            "website": [],
            "website_domain": null,
            "website_endpoint": null
          },
          "sensitive_attributes": [],
          "private": "eyJlMmJmYjczMC1lY2FhLTExZTYtOGY4OC0zNDM2M2JjN2M0YzAiOnsiY3JlYXRlIjoxMjAwMDAwMDAwMDAwLCJkZWxldGUiOjM2MDAwMDAwMDAwMDAsInJlYWQiOjEyMDAwMDAwMDAwMDAsInVwZGF0ZSI6MTIwMDAwMDAwMDAwMH19"
        }
      ]
    }
  ],
  "check_results": null
}
